
Microsoft Visual Studio Solution File, Format Version 12.00
# Visual Studio Version 16
VisualStudioVersion = 16.0.30523.141
MinimumVisualStudioVersion = 10.0.40219.1
Project("{FAE04EC0-301F-11D3-BF4B-00C04F79EFBC}") = "Autorizacion", "Autorizacion\Autorizacion.csproj", "{392D9E5B-EDB5-41C3-AD31-0479B09ED5A7}"
EndProject
Global
	GlobalSection(SolutionConfigurationPlatforms) = preSolution
		Debug|Any CPU = Debug|Any CPU
		Release|Any CPU = Release|Any CPU
	EndGlobalSection
	GlobalSection(ProjectConfigurationPlatforms) = postSolution
		{392D9E5B-EDB5-41C3-AD31-0479B09ED5A7}.Debug|Any CPU.ActiveCfg = Debug|Any CPU
		{392D9E5B-EDB5-41C3-AD31-0479B09ED5A7}.Debug|Any CPU.Build.0 = Debug|Any CPU
		{392D9E5B-EDB5-41C3-AD31-0479B09ED5A7}.Release|Any CPU.ActiveCfg = Release|Any CPU
		{392D9E5B-EDB5-41C3-AD31-0479B09ED5A7}.Release|Any CPU.Build.0 = Release|Any CPU
	EndGlobalSection
	GlobalSection(SolutionProperties) = preSolution
		HideSolutionNode = FALSE
	EndGlobalSection
	GlobalSection(ExtensibilityGlobals) = postSolution
		SolutionGuid = {966E0618-A37F-40E8-94DC-A95CD6265614}
	EndGlobalSection
EndGlobal
